// !$*UTF8*$!
{
	archiveVersion = 1;
	classes = {
	};
	objectVersion = 46;
	objects = {

/* Begin PBXBuildFile section */
		3F3362A01DF72074009D3D01 /* AppDelegate.swift in Sources */ = {isa = PBXBuildFile; fileRef = 3F33629F1DF72074009D3D01 /* AppDelegate.swift */; };
		3F3362A21DF72074009D3D01 /* ViewController.swift in Sources */ = {isa = PBXBuildFile; fileRef = 3F3362A11DF72074009D3D01 /* ViewController.swift */; };
		3F3362A51DF72074009D3D01 /* Main.storyboard in Resources */ = {isa = PBXBuildFile; fileRef = 3F3362A31DF72074009D3D01 /* Main.storyboard */; };
		3F3362A71DF72074009D3D01 /* Assets.xcassets in Resources */ = {isa = PBXBuildFile; fileRef = 3F3362A61DF72074009D3D01 /* Assets.xcassets */; };
		3F3362AA1DF72074009D3D01 /* LaunchScreen.storyboard in Resources */ = {isa = PBXBuildFile; fileRef = 3F3362A81DF72074009D3D01 /* LaunchScreen.storyboard */; };
/* End PBXBuildFile section */

/* Begin PBXFileReference section */
		3F33629C1DF72074009D3D01 /* date picker.app */ = {isa = PBXFileReference; explicitFileType = wrapper.application; includeInIndex = 0; path = "date picker.app"; sourceTree = BUILT_PRODUCTS_DIR; };
		3F33629F1DF72074009D3D01 /* AppDelegate.swift */ = {isa = PBXFileReference; lastKnownFileType = sourcecode.swift; path = AppDelegate.swift; sourceTree = "<group>"; };
		3F3362A11DF72074009D3D01 /* ViewController.swift */ = {isa = PBXFileReference; lastKnownFileType = sourcecode.swift; path = ViewController.swift; sourceTree = "<group>"; };
		3F3362A41DF72074009D3D01 /* Base */ = {isa = PBXFileReference; lastKnownFileType = file.storyboard; name = Base; path = Base.lproj/Main.storyboard; sourceTree = "<group>"; };
		3F3362A61DF72074009D3D01 /* Assets.xcassets */ = {isa = PBXFileReference; lastKnownFileType = folder.assetcatalog; path = Assets.xcassets; sourceTree = "<group>"; };
		3F3362A91DF72074009D3D01 /* Base */ = {isa = PBXFileReference; lastKnownFileType = file.storyboard; name = Base; path = Base.lproj/LaunchScreen.storyboard; sourceTree = "<group>"; };
		3F3362AB1DF72074009D3D01 /* Info.plist */ = {isa = PBXFileReference; lastKnownFileType = text.plist.xml; path = Info.plist; sourceTree = "<group>"; };
/* End PBXFileReference section */

/* Begin PBXFrameworksBuildPhase section */
		3F3362991DF72074009D3D01 /* Frameworks */ = {
			isa = PBXFrameworksBuildPhase;
			buildActionMask = 2147483647;
			files = (
			);
			runOnlyForDeploymentPostprocessing = 0;
		};
/* End PBXFrameworksBuildPhase section */

/* Begin PBXGroup section */
		3F3362931DF72074009D3D01 = {
			isa = PBXGroup;
			children = (
				3F33629E1DF72074009D3D01 /* date picker */,
				3F33629D1DF72074009D3D01 /* Products */,
			);
			sourceTree = "<group>";
		};
		3F33629D1DF72074009D3D01 /* Products */ = {
			isa = PBXGroup;
			children = (
				3F33629C1DF72074009D3D01 /* date picker.app */,
			);
			name = Products;
			sourceTree = "<group>";
		};
		3F33629E1DF72074009D3D01 /* date picker */ = {
			isa = PBXGroup;
			children = (
				3F33629F1DF72074009D3D01 /* AppDelegate.swift */,
				3F3362A11DF72074009D3D01 /* ViewController.swift */,
				3F3362A31DF72074009D3D01 /* Main.storyboard */,
				3F3362A61DF72074009D3D01 /* Assets.xcassets */,
				3F3362A81DF72074009D3D01 /* LaunchScreen.storyboard */,
				3F3362AB1DF72074009D3D01 /* Info.plist */,
			);
			path = "date picker";
			sourceTree = "<group>";
		};
/* End PBXGroup section */

/* Begin PBXNativeTarget section */
		3F33629B1DF72074009D3D01 /* date picker */ = {
			isa = PBXNativeTarget;
			buildConfigurationList = 3F3362AE1DF72074009D3D01 /* Build configuration list for PBXNativeTarget "date picker" */;
			buildPhases = (
				3F3362981DF72074009D3D01 /* Sources */,
				3F3362991DF72074009D3D01 /* Frameworks */,
				3F33629A1DF72074009D3D01 /* Resources */,
			);
			buildRules = (
			);
			dependencies = (
			);
			name = "date picker";
			productName = "date picker";
			productReference = 3F33629C1DF72074009D3D01 /* date picker.app */;
			productType = "com.apple.product-type.application";
		};
/* End PBXNativeTarget section */

/* Begin PBXProject section */
		3F3362941DF72074009D3D01 /* Project object */ = {
			isa = PBXProject;
			attributes = {
				LastSwiftUpdateCheck = 0810;
				LastUpgradeCheck = 0810;
				ORGANIZATIONNAME = "Yash Patel";
				TargetAttributes = {
					3F33629B1DF72074009D3D01 = {
						CreatedOnToolsVersion = 8.1;
						ProvisioningStyle = Automatic;
					};
				};
			};
			buildConfigurationList = 3F3362971DF72074009D3D01 /* Build configuration list for PBXProject "date picker" */;
			compatibilityVersion = "Xcode 3.2";
			developmentRegion = English;
			hasScannedForEncodings = 0;
			knownRegions = (
				en,
				Base,
			);
			mainGroup = 3F3362931DF72074009D3D01;
			productRefGroup = 3F33629D1DF72074009D3D01 /* Products */;
			projectDirPath = "";
			projectRoot = "";
			targets = (
				3F33629B1DF72074009D3D01 /* date picker */,
			);
		};
/* End PBXProject section */

/* Begin PBXResourcesBuildPhase section */
		3F33629A1DF72074009D3D01 /* Resources */ = {
			isa = PBXResourcesBuildPhase;
			buildActionMask = 2147483647;
			files = (
				3F3362AA1DF72074009D3D01 /* LaunchScreen.storyboard in Resources */,
				3F3362A71DF72074009D3D01 /* Assets.xcassets in Resources */,
				3F3362A51DF72074009D3D01 /* Main.storyboard in Resources */,
			);
			runOnlyForDeploymentPostprocessing = 0;
		};
/* End PBXResourcesBuildPhase section */

/* Begin PBXSourcesBuildPhase section */
		3F3362981DF72074009D3D01 /* Sources */ = {
			isa = PBXSourcesBuildPhase;
			buildActionMask = 2147483647;
			files = (
				3F3362A21DF72074009D3D01 /* ViewController.swift in Sources */,
				3F3362A01DF72074009D3D01 /* AppDelegate.swift in Sources */,
			);
			runOnlyForDeploymentPostprocessing = 0;
		};
/* End PBXSourcesBuildPhase section */

/* Begin PBXVariantGroup section */
		3F3362A31DF72074009D3D01 /* Main.storyboard */ = {
			isa = PBXVariantGroup;
			children = (
				3F3362A41DF72074009D3D01 /* Base */,
			);
			name = Main.storyboard;
			sourceTree = "<group>";
		};
		3F3362A81DF72074009D3D01 /* LaunchScreen.storyboard */ = {
			isa = PBXVariantGroup;
			children = (
				3F3362A91DF72074009D3D01 /* Base */,
			);
			name = LaunchScreen.storyboard;
			sourceTree = "<group>";
		};
/* End PBXVariantGroup section */

/* Begin XCBuildConfiguration section */
		3F3362AC1DF72074009D3D01 /* Debug */ = {
			isa = XCBuildConfiguration;
			buildSettings = {
				ALWAYS_SEARCH_USER_PATHS = NO;
				CLANG_ANALYZER_NONNULL = YES;
				CLANG_CXX_LANGUAGE_STANDARD = "gnu++0x";
				CLANG_CXX_LIBRARY = "libc++";
				CLANG_ENABLE_MODULES = YES;
				CLANG_ENABLE_OBJC_ARC = YES;
				CLANG_WARN_BOOL_CONVERSION = YES;
				CLANG_WARN_CONSTANT_CONVERSION = YES;
				CLANG_WARN_DIRECT_OBJC_ISA_USAGE = YES_ERROR;
				CLANG_WARN_DOCUMENTATION_COMMENTS = YES;
				CLANG_WARN_EMPTY_BODY = YES;
				CLANG_WARN_ENUM_CONVERSION = YES;
				CLANG_WARN_INFINITE_RECURSION = YES;
				CLANG_WARN_INT_CONVERSION = YES;
				CLANG_WARN_OBJC_ROOT_CLASS = YES_ERROR;
				CLANG_WARN_SUSPICIOUS_MOVES = YES;
				CLANG_WARN_UNREACHABLE_CODE = YES;
				CLANG_WARN__DUPLICATE_METHOD_MATCH = YES;
				"CODE_SIGN_IDENTITY[sdk=iphoneos*]" = "iPhone Developer";
				COPY_PHASE_STRIP = NO;
				DEBUG_INFORMATION_FORMAT = dwarf;
				ENABLE_STRICT_OBJC_MSGSEND = YES;
				ENABLE_TESTABILITY = YES;
				GCC_C_LANGUAGE_STANDARD = gnu99;
				GCC_DYNAMIC_NO_PIC = NO;
				GCC_NO_COMMON_BLOCKS = YES;
				GCC_OPTIMIZATION_LEVEL = 0;
				GCC_PREPROCESSOR_DEFINITIONS = (
					"DEBUG=1",
					"$(inherited)",
				);
				GCC_WARN_64_TO_32_BIT_CONVERSION = YES;
				GCC_WARN_ABOUT_RETURN_TYPE = YES_ERROR;
				GCC_WARN_UNDECLARED_SELECTOR = YES;
				GCC_WARN_UNINITIALIZED_AUTOS = YES_AGGRESSIVE;
				GCC_WARN_UNUSED_FUNCTION = YES;
				GCC_WARN_UNUSED_VARIABLE = YES;
				IPHONEOS_DEPLOYMENT_TARGET = 10.1;
				MTL_ENABLE_DEBUG_INFO = YES;
				ONLY_ACTIVE_ARCH = YES;
				SDKROOT = iphoneos;
				SWIFT_ACTIVE_COMPILATION_CONDITIONS = DEBUG;
				SWIFT_OPTIMIZATION_LEVEL = "-Onone";
			};
			name = Debug;
		};
		3F3362AD1DF72074009D3D01 /* Release */ = {
			isa = XCBuildConfiguration;
			buildSettings = {
				ALWAYS_SEARCH_USER_PATHS = NO;
				CLANG_ANALYZER_NONNULL = YES;
				CLANG_CXX_LANGUAGE_STANDARD = "gnu++0x";
				CLANG_CXX_LIBRARY = "libc++";
				CLANG_ENABLE_MODULES = YES;
				CLANG_ENABLE_OBJC_ARC = YES;
				CLANG_WARN_BOOL_CONVERSION = YES;
				CLANG_WARN_CONSTANT_CONVERSION = YES;
				CLANG_WARN_DIRECT_OBJC_ISA_USAGE = YES_ERROR;
				CLANG_WARN_DOCUMENTATION_COMMENTS = YES;
				CLANG_WARN_EMPTY_BODY = YES;
				CLANG_WARN_ENUM_CONVERSION = YES;
				CLANG_WARN_INFINITE_RECURSION = YES;
				CLANG_WARN_INT_CONVERSION = YES;
				CLANG_WARN_OBJC_ROOT_CLASS = YES_ERROR;
				CLANG_WARN_SUSPICIOUS_MOVES = YES;
				CLANG_WARN_UNREACHABLE_CODE = YES;
				CLANG_WARN__DUPLICATE_METHOD_MATCH = YES;
				"CODE_SIGN_IDENTITY[sdk=iphoneos*]" = "iPhone Developer";
				COPY_PHASE_STRIP = NO;
				DEBUG_INFORMATION_FORMAT = "dwarf-with-dsym";
				ENABLE_NS_ASSERTIONS = NO;
				ENABLE_STRICT_OBJC_MSGSEND = YES;
				GCC_C_LANGUAGE_STANDARD = gnu99;
				GCC_NO_COMMON_BLOCKS = YES;
				GCC_WARN_64_TO_32_BIT_CONVERSION = YES;
				GCC_WARN_ABOUT_RETURN_TYPE = YES_ERROR;
				GCC_WARN_UNDECLARED_SELECTOR = YES;
				GCC_WARN_UNINITIALIZED_AUTOS = YES_AGGRESSIVE;
				GCC_WARN_UNUSED_FUNCTION = YES;
				GCC_WARN_UNUSED_VARIABLE = YES;
				IPHONEOS_DEPLOYMENT_TARGET = 10.1;
				MTL_ENABLE_DEBUG_INFO = NO;
				SDKROOT = iphoneos;
				SWIFT_OPTIMIZATION_LEVEL = "-Owholemodule";
				VALIDATE_PRODUCT = YES;
			};
			name = Release;
		};
		3F3362AF1DF72074009D3D01 /* Debug */ = {
			isa = XCBuildConfiguration;
			buildSettings = {
				ASSETCATALOG_COMPILER_APPICON_NAME = AppIcon;
				DEVELOPMENT_TEAM = "";
				INFOPLIST_FILE = "date picker/Info.plist";
				LD_RUNPATH_SEARCH_PATHS = "$(inherited) @executable_path/Frameworks";
				PRODUCT_BUNDLE_IDENTIFIER = "com.example.date-picker";
				PRODUCT_NAME = "$(TARGET_NAME)";
				SWIFT_VERSION = 3.0;
			};
			name = Debug;
		};
		3F3362B01DF72074009D3D01 /* Release */ = {
			isa = XCBuildConfiguration;
			buildSettings = {
				ASSETCATALOG_COMPILER_APPICON_NAME = AppIcon;
				DEVELOPMENT_TEAM = "";
				INFOPLIST_FILE = "date picker/Info.plist";
				LD_RUNPATH_SEARCH_PATHS = "$(inherited) @executable_path/Frameworks";
				PRODUCT_BUNDLE_IDENTIFIER = "com.example.date-picker";
				PRODUCT_NAME = "$(TARGET_NAME)";
				SWIFT_VERSION = 3.0;
			};
			name = Release;
		};
/* End XCBuildConfiguration section */

/* Begin XCConfigurationList section */
		3F3362971DF72074009D3D01 /* Build configuration list for PBXProject "date picker" */ = {
			isa = XCConfigurationList;
			buildConfigurations = (
				3F3362AC1DF72074009D3D01 /* Debug */,
				3F3362AD1DF72074009D3D01 /* Release */,
			);
			defaultConfigurationIsVisible = 0;
			defaultConfigurationName = Release;
		};
		3F3362AE1DF72074009D3D01 /* Build configuration list for PBXNativeTarget "date picker" */ = {
			isa = XCConfigurationList;
			buildConfigurations = (
				3F3362AF1DF72074009D3D01 /* Debug */,
				3F3362B01DF72074009D3D01 /* Release */,
			);
			defaultConfigurationIsVisible = 0;
			defaultConfigurationName = Release;
		};
/* End XCConfigurationList section */
	};
	rootObject = 3F3362941DF72074009D3D01 /* Project object */;
}
